{
  "requires": true,
  "lockfileVersion": 1,
  "dependencies": {
    "stockfish": {
      "version": "12.0.0",
      "resolved": "https://registry.npmjs.org/stockfish/-/stockfish-12.0.0.tgz",
      "integrity": "sha512-hcYsWE8FS/gKxrJQZPQrw59UpAWTTiQuxFJOctivrBB0Qbt7bL0WGAuehdCFySofEM3H2l9zFIuYCGdWqVQ0fQ=="
    }
  }
}
